// !$*UTF8*$!
{
	archiveVersion = 1;
	classes = {
	};
	objectVersion = 50;
	objects = {

/* Begin PBXBuildFile section */
		B807DD5A23FDF79A00A709D9 /* AppDelegate.swift in Sources */ = {isa = PBXBuildFile; fileRef = B807DD5923FDF79A00A709D9 /* AppDelegate.swift */; };
		B807DD5C23FDF79A00A709D9 /* SceneDelegate.swift in Sources */ = {isa = PBXBuildFile; fileRef = B807DD5B23FDF79A00A709D9 /* SceneDelegate.swift */; };
		B807DD5E23FDF79A00A709D9 /* ViewController.swift in Sources */ = {isa = PBXBuildFile; fileRef = B807DD5D23FDF79A00A709D9 /* ViewController.swift */; };
		B807DD6123FDF79A00A709D9 /* Main.storyboard in Resources */ = {isa = PBXBuildFile; fileRef = B807DD5F23FDF79A00A709D9 /* Main.storyboard */; };
		B807DD6323FDF79B00A709D9 /* Assets.xcassets in Resources */ = {isa = PBXBuildFile; fileRef = B807DD6223FDF79B00A709D9 /* Assets.xcassets */; };
		B807DD6623FDF79B00A709D9 /* LaunchScreen.storyboard in Resources */ = {isa = PBXBuildFile; fileRef = B807DD6423FDF79B00A709D9 /* LaunchScreen.storyboard */; };
		B807DD7123FDF79B00A709D9 /* HomepwnerTests.swift in Sources */ = {isa = PBXBuildFile; fileRef = B807DD7023FDF79B00A709D9 /* HomepwnerTests.swift */; };
		B807DD7C23FDF79B00A709D9 /* HomepwnerUITests.swift in Sources */ = {isa = PBXBuildFile; fileRef = B807DD7B23FDF79B00A709D9 /* HomepwnerUITests.swift */; };
		B807DD8A23FDFA5500A709D9 /* ItemViewController.swift in Sources */ = {isa = PBXBuildFile; fileRef = B807DD8923FDFA5500A709D9 /* ItemViewController.swift */; };
		B807DD8C23FDFB8E00A709D9 /* Item.swift in Sources */ = {isa = PBXBuildFile; fileRef = B807DD8B23FDFB8E00A709D9 /* Item.swift */; };
		B807DD8E23FDFD7B00A709D9 /* ItemStore.swift in Sources */ = {isa = PBXBuildFile; fileRef = B807DD8D23FDFD7B00A709D9 /* ItemStore.swift */; };
/* End PBXBuildFile section */

/* Begin PBXContainerItemProxy section */
		B807DD6D23FDF79B00A709D9 /* PBXContainerItemProxy */ = {
			isa = PBXContainerItemProxy;
			containerPortal = B807DD4E23FDF79A00A709D9 /* Project object */;
			proxyType = 1;
			remoteGlobalIDString = B807DD5523FDF79A00A709D9;
			remoteInfo = Homepwner;
		};
		B807DD7823FDF79B00A709D9 /* PBXContainerItemProxy */ = {
			isa = PBXContainerItemProxy;
			containerPortal = B807DD4E23FDF79A00A709D9 /* Project object */;
			proxyType = 1;
			remoteGlobalIDString = B807DD5523FDF79A00A709D9;
			remoteInfo = Homepwner;
		};
/* End PBXContainerItemProxy section */

/* Begin PBXFileReference section */
		B807DD5623FDF79A00A709D9 /* Homepwner.app */ = {isa = PBXFileReference; explicitFileType = wrapper.application; includeInIndex = 0; path = Homepwner.app; sourceTree = BUILT_PRODUCTS_DIR; };
		B807DD5923FDF79A00A709D9 /* AppDelegate.swift */ = {isa = PBXFileReference; lastKnownFileType = sourcecode.swift; path = AppDelegate.swift; sourceTree = "<group>"; };
		B807DD5B23FDF79A00A709D9 /* SceneDelegate.swift */ = {isa = PBXFileReference; lastKnownFileType = sourcecode.swift; path = SceneDelegate.swift; sourceTree = "<group>"; };
		B807DD5D23FDF79A00A709D9 /* ViewController.swift */ = {isa = PBXFileReference; lastKnownFileType = sourcecode.swift; path = ViewController.swift; sourceTree = "<group>"; };
		B807DD6023FDF79A00A709D9 /* Base */ = {isa = PBXFileReference; lastKnownFileType = file.storyboard; name = Base; path = Base.lproj/Main.storyboard; sourceTree = "<group>"; };
		B807DD6223FDF79B00A709D9 /* Assets.xcassets */ = {isa = PBXFileReference; lastKnownFileType = folder.assetcatalog; path = Assets.xcassets; sourceTree = "<group>"; };
		B807DD6523FDF79B00A709D9 /* Base */ = {isa = PBXFileReference; lastKnownFileType = file.storyboard; name = Base; path = Base.lproj/LaunchScreen.storyboard; sourceTree = "<group>"; };
		B807DD6723FDF79B00A709D9 /* Info.plist */ = {isa = PBXFileReference; lastKnownFileType = text.plist.xml; path = Info.plist; sourceTree = "<group>"; };
		B807DD6C23FDF79B00A709D9 /* HomepwnerTests.xctest */ = {isa = PBXFileReference; explicitFileType = wrapper.cfbundle; includeInIndex = 0; path = HomepwnerTests.xctest; sourceTree = BUILT_PRODUCTS_DIR; };
		B807DD7023FDF79B00A709D9 /* HomepwnerTests.swift */ = {isa = PBXFileReference; lastKnownFileType = sourcecode.swift; path = HomepwnerTests.swift; sourceTree = "<group>"; };
		B807DD7223FDF79B00A709D9 /* Info.plist */ = {isa = PBXFileReference; lastKnownFileType = text.plist.xml; path = Info.plist; sourceTree = "<group>"; };
		B807DD7723FDF79B00A709D9 /* HomepwnerUITests.xctest */ = {isa = PBXFileReference; explicitFileType = wrapper.cfbundle; includeInIndex = 0; path = HomepwnerUITests.xctest; sourceTree = BUILT_PRODUCTS_DIR; };
		B807DD7B23FDF79B00A709D9 /* HomepwnerUITests.swift */ = {isa = PBXFileReference; lastKnownFileType = sourcecode.swift; path = HomepwnerUITests.swift; sourceTree = "<group>"; };
		B807DD7D23FDF79B00A709D9 /* Info.plist */ = {isa = PBXFileReference; lastKnownFileType = text.plist.xml; path = Info.plist; sourceTree = "<group>"; };
		B807DD8923FDFA5500A709D9 /* ItemViewController.swift */ = {isa = PBXFileReference; lastKnownFileType = sourcecode.swift; path = ItemViewController.swift; sourceTree = "<group>"; };
		B807DD8B23FDFB8E00A709D9 /* Item.swift */ = {isa = PBXFileReference; lastKnownFileType = sourcecode.swift; path = Item.swift; sourceTree = "<group>"; };
		B807DD8D23FDFD7B00A709D9 /* ItemStore.swift */ = {isa = PBXFileReference; lastKnownFileType = sourcecode.swift; path = ItemStore.swift; sourceTree = "<group>"; };
/* End PBXFileReference section */

/* Begin PBXFrameworksBuildPhase section */
		B807DD5323FDF79A00A709D9 /* Frameworks */ = {
			isa = PBXFrameworksBuildPhase;
			buildActionMask = 2147483647;
			files = (
			);
			runOnlyForDeploymentPostprocessing = 0;
		};
		B807DD6923FDF79B00A709D9 /* Frameworks */ = {
			isa = PBXFrameworksBuildPhase;
			buildActionMask = 2147483647;
			files = (
			);
			runOnlyForDeploymentPostprocessing = 0;
		};
		B807DD7423FDF79B00A709D9 /* Frameworks */ = {
			isa = PBXFrameworksBuildPhase;
			buildActionMask = 2147483647;
			files = (
			);
			runOnlyForDeploymentPostprocessing = 0;
		};
/* End PBXFrameworksBuildPhase section */

/* Begin PBXGroup section */
		B807DD4D23FDF79A00A709D9 = {
			isa = PBXGroup;
			children = (
				B807DD5823FDF79A00A709D9 /* Homepwner */,
				B807DD6F23FDF79B00A709D9 /* HomepwnerTests */,
				B807DD7A23FDF79B00A709D9 /* HomepwnerUITests */,
				B807DD5723FDF79A00A709D9 /* Products */,
			);
			sourceTree = "<group>";
		};
		B807DD5723FDF79A00A709D9 /* Products */ = {
			isa = PBXGroup;
			children = (
				B807DD5623FDF79A00A709D9 /* Homepwner.app */,
				B807DD6C23FDF79B00A709D9 /* HomepwnerTests.xctest */,
				B807DD7723FDF79B00A709D9 /* HomepwnerUITests.xctest */,
			);
			name = Products;
			sourceTree = "<group>";
		};
		B807DD5823FDF79A00A709D9 /* Homepwner */ = {
			isa = PBXGroup;
			children = (
				B807DD5923FDF79A00A709D9 /* AppDelegate.swift */,
				B807DD5B23FDF79A00A709D9 /* SceneDelegate.swift */,
				B807DD5D23FDF79A00A709D9 /* ViewController.swift */,
				B807DD5F23FDF79A00A709D9 /* Main.storyboard */,
				B807DD6223FDF79B00A709D9 /* Assets.xcassets */,
				B807DD6423FDF79B00A709D9 /* LaunchScreen.storyboard */,
				B807DD6723FDF79B00A709D9 /* Info.plist */,
				B807DD8923FDFA5500A709D9 /* ItemViewController.swift */,
				B807DD8B23FDFB8E00A709D9 /* Item.swift */,
				B807DD8D23FDFD7B00A709D9 /* ItemStore.swift */,
			);
			path = Homepwner;
			sourceTree = "<group>";
		};
		B807DD6F23FDF79B00A709D9 /* HomepwnerTests */ = {
			isa = PBXGroup;
			children = (
				B807DD7023FDF79B00A709D9 /* HomepwnerTests.swift */,
				B807DD7223FDF79B00A709D9 /* Info.plist */,
			);
			path = HomepwnerTests;
			sourceTree = "<group>";
		};
		B807DD7A23FDF79B00A709D9 /* HomepwnerUITests */ = {
			isa = PBXGroup;
			children = (
				B807DD7B23FDF79B00A709D9 /* HomepwnerUITests.swift */,
				B807DD7D23FDF79B00A709D9 /* Info.plist */,
			);
			path = HomepwnerUITests;
			sourceTree = "<group>";
		};
/* End PBXGroup section */

/* Begin PBXNativeTarget section */
		B807DD5523FDF79A00A709D9 /* Homepwner */ = {
			isa = PBXNativeTarget;
			buildConfigurationList = B807DD8023FDF79B00A709D9 /* Build configuration list for PBXNativeTarget "Homepwner" */;
			buildPhases = (
				B807DD5223FDF79A00A709D9 /* Sources */,
				B807DD5323FDF79A00A709D9 /* Frameworks */,
				B807DD5423FDF79A00A709D9 /* Resources */,
			);
			buildRules = (
			);
			dependencies = (
			);
			name = Homepwner;
			productName = Homepwner;
			productReference = B807DD5623FDF79A00A709D9 /* Homepwner.app */;
			productType = "com.apple.product-type.application";
		};
		B807DD6B23FDF79B00A709D9 /* HomepwnerTests */ = {
			isa = PBXNativeTarget;
			buildConfigurationList = B807DD8323FDF79B00A709D9 /* Build configuration list for PBXNativeTarget "HomepwnerTests" */;
			buildPhases = (
				B807DD6823FDF79B00A709D9 /* Sources */,
				B807DD6923FDF79B00A709D9 /* Frameworks */,
				B807DD6A23FDF79B00A709D9 /* Resources */,
			);
			buildRules = (
			);
			dependencies = (
				B807DD6E23FDF79B00A709D9 /* PBXTargetDependency */,
			);
			name = HomepwnerTests;
			productName = HomepwnerTests;
			productReference = B807DD6C23FDF79B00A709D9 /* HomepwnerTests.xctest */;
			productType = "com.apple.product-type.bundle.unit-test";
		};
		B807DD7623FDF79B00A709D9 /* HomepwnerUITests */ = {
			isa = PBXNativeTarget;
			buildConfigurationList = B807DD8623FDF79B00A709D9 /* Build configuration list for PBXNativeTarget "HomepwnerUITests" */;
			buildPhases = (
				B807DD7323FDF79B00A709D9 /* Sources */,
				B807DD7423FDF79B00A709D9 /* Frameworks */,
				B807DD7523FDF79B00A709D9 /* Resources */,
			);
			buildRules = (
			);
			dependencies = (
				B807DD7923FDF79B00A709D9 /* PBXTargetDependency */,
			);
			name = HomepwnerUITests;
			productName = HomepwnerUITests;
			productReference = B807DD7723FDF79B00A709D9 /* HomepwnerUITests.xctest */;
			productType = "com.apple.product-type.bundle.ui-testing";
		};
/* End PBXNativeTarget section */

/* Begin PBXProject section */
		B807DD4E23FDF79A00A709D9 /* Project object */ = {
			isa = PBXProject;
			attributes = {
				LastSwiftUpdateCheck = 1130;
				LastUpgradeCheck = 1130;
				ORGANIZATIONNAME = "Riley, Kyle M";
				TargetAttributes = {
					B807DD5523FDF79A00A709D9 = {
						CreatedOnToolsVersion = 11.3;
					};
					B807DD6B23FDF79B00A709D9 = {
						CreatedOnToolsVersion = 11.3;
						TestTargetID = B807DD5523FDF79A00A709D9;
					};
					B807DD7623FDF79B00A709D9 = {
						CreatedOnToolsVersion = 11.3;
						TestTargetID = B807DD5523FDF79A00A709D9;
					};
				};
			};
			buildConfigurationList = B807DD5123FDF79A00A709D9 /* Build configuration list for PBXProject "Homepwner" */;
			compatibilityVersion = "Xcode 9.3";
			developmentRegion = en;
			hasScannedForEncodings = 0;
			knownRegions = (
				en,
				Base,
			);
			mainGroup = B807DD4D23FDF79A00A709D9;
			productRefGroup = B807DD5723FDF79A00A709D9 /* Products */;
			projectDirPath = "";
			projectRoot = "";
			targets = (
				B807DD5523FDF79A00A709D9 /* Homepwner */,
				B807DD6B23FDF79B00A709D9 /* HomepwnerTests */,
				B807DD7623FDF79B00A709D9 /* HomepwnerUITests */,
			);
		};
/* End PBXProject section */

/* Begin PBXResourcesBuildPhase section */
		B807DD5423FDF79A00A709D9 /* Resources */ = {
			isa = PBXResourcesBuildPhase;
			buildActionMask = 2147483647;
			files = (
				B807DD6623FDF79B00A709D9 /* LaunchScreen.storyboard in Resources */,
				B807DD6323FDF79B00A709D9 /* Assets.xcassets in Resources */,
				B807DD6123FDF79A00A709D9 /* Main.storyboard in Resources */,
			);
			runOnlyForDeploymentPostprocessing = 0;
		};
		B807DD6A23FDF79B00A709D9 /* Resources */ = {
			isa = PBXResourcesBuildPhase;
			buildActionMask = 2147483647;
			files = (
			);
			runOnlyForDeploymentPostprocessing = 0;
		};
		B807DD7523FDF79B00A709D9 /* Resources */ = {
			isa = PBXResourcesBuildPhase;
			buildActionMask = 2147483647;
			files = (
			);
			runOnlyForDeploymentPostprocessing = 0;
		};
/* End PBXResourcesBuildPhase section */

/* Begin PBXSourcesBuildPhase section */
		B807DD5223FDF79A00A709D9 /* Sources */ = {
			isa = PBXSourcesBuildPhase;
			buildActionMask = 2147483647;
			files = (
				B807DD8C23FDFB8E00A709D9 /* Item.swift in Sources */,
				B807DD5E23FDF79A00A709D9 /* ViewController.swift in Sources */,
				B807DD8E23FDFD7B00A709D9 /* ItemStore.swift in Sources */,
				B807DD8A23FDFA5500A709D9 /* ItemViewController.swift in Sources */,
				B807DD5A23FDF79A00A709D9 /* AppDelegate.swift in Sources */,
				B807DD5C23FDF79A00A709D9 /* SceneDelegate.swift in Sources */,
			);
			runOnlyForDeploymentPostprocessing = 0;
		};
		B807DD6823FDF79B00A709D9 /* Sources */ = {
			isa = PBXSourcesBuildPhase;
			buildActionMask = 2147483647;
			files = (
				B807DD7123FDF79B00A709D9 /* HomepwnerTests.swift in Sources */,
			);
			runOnlyForDeploymentPostprocessing = 0;
		};
		B807DD7323FDF79B00A709D9 /* Sources */ = {
			isa = PBXSourcesBuildPhase;
			buildActionMask = 2147483647;
			files = (
				B807DD7C23FDF79B00A709D9 /* HomepwnerUITests.swift in Sources */,
			);
			runOnlyForDeploymentPostprocessing = 0;
		};
/* End PBXSourcesBuildPhase section */

/* Begin PBXTargetDependency section */
		B807DD6E23FDF79B00A709D9 /* PBXTargetDependency */ = {
			isa = PBXTargetDependency;
			target = B807DD5523FDF79A00A709D9 /* Homepwner */;
			targetProxy = B807DD6D23FDF79B00A709D9 /* PBXContainerItemProxy */;
		};
		B807DD7923FDF79B00A709D9 /* PBXTargetDependency */ = {
			isa = PBXTargetDependency;
			target = B807DD5523FDF79A00A709D9 /* Homepwner */;
			targetProxy = B807DD7823FDF79B00A709D9 /* PBXContainerItemProxy */;
		};
/* End PBXTargetDependency section */

/* Begin PBXVariantGroup section */
		B807DD5F23FDF79A00A709D9 /* Main.storyboard */ = {
			isa = PBXVariantGroup;
			children = (
				B807DD6023FDF79A00A709D9 /* Base */,
			);
			name = Main.storyboard;
			sourceTree = "<group>";
		};
		B807DD6423FDF79B00A709D9 /* LaunchScreen.storyboard */ = {
			isa = PBXVariantGroup;
			children = (
				B807DD6523FDF79B00A709D9 /* Base */,
			);
			name = LaunchScreen.storyboard;
			sourceTree = "<group>";
		};
/* End PBXVariantGroup section */

/* Begin XCBuildConfiguration section */
		B807DD7E23FDF79B00A709D9 /* Debug */ = {
			isa = XCBuildConfiguration;
			buildSettings = {
				ALWAYS_SEARCH_USER_PATHS = NO;
				CLANG_ANALYZER_NONNULL = YES;
				CLANG_ANALYZER_NUMBER_OBJECT_CONVERSION = YES_AGGRESSIVE;
				CLANG_CXX_LANGUAGE_STANDARD = "gnu++14";
				CLANG_CXX_LIBRARY = "libc++";
				CLANG_ENABLE_MODULES = YES;
				CLANG_ENABLE_OBJC_ARC = YES;
				CLANG_ENABLE_OBJC_WEAK = YES;
				CLANG_WARN_BLOCK_CAPTURE_AUTORELEASING = YES;
				CLANG_WARN_BOOL_CONVERSION = YES;
				CLANG_WARN_COMMA = YES;
				CLANG_WARN_CONSTANT_CONVERSION = YES;
				CLANG_WARN_DEPRECATED_OBJC_IMPLEMENTATIONS = YES;
				CLANG_WARN_DIRECT_OBJC_ISA_USAGE = YES_ERROR;
				CLANG_WARN_DOCUMENTATION_COMMENTS = YES;
				CLANG_WARN_EMPTY_BODY = YES;
				CLANG_WARN_ENUM_CONVERSION = YES;
				CLANG_WARN_INFINITE_RECURSION = YES;
				CLANG_WARN_INT_CONVERSION = YES;
				CLANG_WARN_NON_LITERAL_NULL_CONVERSION = YES;
				CLANG_WARN_OBJC_IMPLICIT_RETAIN_SELF = YES;
				CLANG_WARN_OBJC_LITERAL_CONVERSION = YES;
				CLANG_WARN_OBJC_ROOT_CLASS = YES_ERROR;
				CLANG_WARN_RANGE_LOOP_ANALYSIS = YES;
				CLANG_WARN_STRICT_PROTOTYPES = YES;
				CLANG_WARN_SUSPICIOUS_MOVE = YES;
				CLANG_WARN_UNGUARDED_AVAILABILITY = YES_AGGRESSIVE;
				CLANG_WARN_UNREACHABLE_CODE = YES;
				CLANG_WARN__DUPLICATE_METHOD_MATCH = YES;
				COPY_PHASE_STRIP = NO;
				DEBUG_INFORMATION_FORMAT = dwarf;
				ENABLE_STRICT_OBJC_MSGSEND = YES;
				ENABLE_TESTABILITY = YES;
				GCC_C_LANGUAGE_STANDARD = gnu11;
				GCC_DYNAMIC_NO_PIC = NO;
				GCC_NO_COMMON_BLOCKS = YES;
				GCC_OPTIMIZATION_LEVEL = 0;
				GCC_PREPROCESSOR_DEFINITIONS = (
					"DEBUG=1",
					"$(inherited)",
				);
				GCC_WARN_64_TO_32_BIT_CONVERSION = YES;
				GCC_WARN_ABOUT_RETURN_TYPE = YES_ERROR;
				GCC_WARN_UNDECLARED_SELECTOR = YES;
				GCC_WARN_UNINITIALIZED_AUTOS = YES_AGGRESSIVE;
				GCC_WARN_UNUSED_FUNCTION = YES;
				GCC_WARN_UNUSED_VARIABLE = YES;
				IPHONEOS_DEPLOYMENT_TARGET = 13.2;
				MTL_ENABLE_DEBUG_INFO = INCLUDE_SOURCE;
				MTL_FAST_MATH = YES;
				ONLY_ACTIVE_ARCH = YES;
				SDKROOT = iphoneos;
				SWIFT_ACTIVE_COMPILATION_CONDITIONS = DEBUG;
				SWIFT_OPTIMIZATION_LEVEL = "-Onone";
			};
			name = Debug;
		};
		B807DD7F23FDF79B00A709D9 /* Release */ = {
			isa = XCBuildConfiguration;
			buildSettings = {
				ALWAYS_SEARCH_USER_PATHS = NO;
				CLANG_ANALYZER_NONNULL = YES;
				CLANG_ANALYZER_NUMBER_OBJECT_CONVERSION = YES_AGGRESSIVE;
				CLANG_CXX_LANGUAGE_STANDARD = "gnu++14";
				CLANG_CXX_LIBRARY = "libc++";
				CLANG_ENABLE_MODULES = YES;
				CLANG_ENABLE_OBJC_ARC = YES;
				CLANG_ENABLE_OBJC_WEAK = YES;
				CLANG_WARN_BLOCK_CAPTURE_AUTORELEASING = YES;
				CLANG_WARN_BOOL_CONVERSION = YES;
				CLANG_WARN_COMMA = YES;
				CLANG_WARN_CONSTANT_CONVERSION = YES;
				CLANG_WARN_DEPRECATED_OBJC_IMPLEMENTATIONS = YES;
				CLANG_WARN_DIRECT_OBJC_ISA_USAGE = YES_ERROR;
				CLANG_WARN_DOCUMENTATION_COMMENTS = YES;
				CLANG_WARN_EMPTY_BODY = YES;
				CLANG_WARN_ENUM_CONVERSION = YES;
				CLANG_WARN_INFINITE_RECURSION = YES;
				CLANG_WARN_INT_CONVERSION = YES;
				CLANG_WARN_NON_LITERAL_NULL_CONVERSION = YES;
				CLANG_WARN_OBJC_IMPLICIT_RETAIN_SELF = YES;
				CLANG_WARN_OBJC_LITERAL_CONVERSION = YES;
				CLANG_WARN_OBJC_ROOT_CLASS = YES_ERROR;
				CLANG_WARN_RANGE_LOOP_ANALYSIS = YES;
				CLANG_WARN_STRICT_PROTOTYPES = YES;
				CLANG_WARN_SUSPICIOUS_MOVE = YES;
				CLANG_WARN_UNGUARDED_AVAILABILITY = YES_AGGRESSIVE;
				CLANG_WARN_UNREACHABLE_CODE = YES;
				CLANG_WARN__DUPLICATE_METHOD_MATCH = YES;
				COPY_PHASE_STRIP = NO;
				DEBUG_INFORMATION_FORMAT = "dwarf-with-dsym";
				ENABLE_NS_ASSERTIONS = NO;
				ENABLE_STRICT_OBJC_MSGSEND = YES;
				GCC_C_LANGUAGE_STANDARD = gnu11;
				GCC_NO_COMMON_BLOCKS = YES;
				GCC_WARN_64_TO_32_BIT_CONVERSION = YES;
				GCC_WARN_ABOUT_RETURN_TYPE = YES_ERROR;
				GCC_WARN_UNDECLARED_SELECTOR = YES;
				GCC_WARN_UNINITIALIZED_AUTOS = YES_AGGRESSIVE;
				GCC_WARN_UNUSED_FUNCTION = YES;
				GCC_WARN_UNUSED_VARIABLE = YES;
				IPHONEOS_DEPLOYMENT_TARGET = 13.2;
				MTL_ENABLE_DEBUG_INFO = NO;
				MTL_FAST_MATH = YES;
				SDKROOT = iphoneos;
				SWIFT_COMPILATION_MODE = wholemodule;
				SWIFT_OPTIMIZATION_LEVEL = "-O";
				VALIDATE_PRODUCT = YES;
			};
			name = Release;
		};
		B807DD8123FDF79B00A709D9 /* Debug */ = {
			isa = XCBuildConfiguration;
			buildSettings = {
				ASSETCATALOG_COMPILER_APPICON_NAME = AppIcon;
				CODE_SIGN_STYLE = Automatic;
				INFOPLIST_FILE = Homepwner/Info.plist;
				LD_RUNPATH_SEARCH_PATHS = (
					"$(inherited)",
					"@executable_path/Frameworks",
				);
				PRODUCT_BUNDLE_IDENTIFIER = com.iOSClass.Homepwner;
				PRODUCT_NAME = "$(TARGET_NAME)";
				SWIFT_VERSION = 5.0;
				TARGETED_DEVICE_FAMILY = "1,2";
			};
			name = Debug;
		};
		B807DD8223FDF79B00A709D9 /* Release */ = {
			isa = XCBuildConfiguration;
			buildSettings = {
				ASSETCATALOG_COMPILER_APPICON_NAME = AppIcon;
				CODE_SIGN_STYLE = Automatic;
				INFOPLIST_FILE = Homepwner/Info.plist;
				LD_RUNPATH_SEARCH_PATHS = (
					"$(inherited)",
					"@executable_path/Frameworks",
				);
				PRODUCT_BUNDLE_IDENTIFIER = com.iOSClass.Homepwner;
				PRODUCT_NAME = "$(TARGET_NAME)";
				SWIFT_VERSION = 5.0;
				TARGETED_DEVICE_FAMILY = "1,2";
			};
			name = Release;
		};
		B807DD8423FDF79B00A709D9 /* Debug */ = {
			isa = XCBuildConfiguration;
			buildSettings = {
				ALWAYS_EMBED_SWIFT_STANDARD_LIBRARIES = YES;
				BUNDLE_LOADER = "$(TEST_HOST)";
				CODE_SIGN_STYLE = Automatic;
				INFOPLIST_FILE = HomepwnerTests/Info.plist;
				IPHONEOS_DEPLOYMENT_TARGET = 13.2;
				LD_RUNPATH_SEARCH_PATHS = (
					"$(inherited)",
					"@executable_path/Frameworks",
					"@loader_path/Frameworks",
				);
				PRODUCT_BUNDLE_IDENTIFIER = com.iOSClass.HomepwnerTests;
				PRODUCT_NAME = "$(TARGET_NAME)";
				SWIFT_VERSION = 5.0;
				TARGETED_DEVICE_FAMILY = "1,2";
				TEST_HOST = "$(BUILT_PRODUCTS_DIR)/Homepwner.app/Homepwner";
			};
			name = Debug;
		};
		B807DD8523FDF79B00A709D9 /* Release */ = {
			isa = XCBuildConfiguration;
			buildSettings = {
				ALWAYS_EMBED_SWIFT_STANDARD_LIBRARIES = YES;
				BUNDLE_LOADER = "$(TEST_HOST)";
				CODE_SIGN_STYLE = Automatic;
				INFOPLIST_FILE = HomepwnerTests/Info.plist;
				IPHONEOS_DEPLOYMENT_TARGET = 13.2;
				LD_RUNPATH_SEARCH_PATHS = (
					"$(inherited)",
					"@executable_path/Frameworks",
					"@loader_path/Frameworks",
				);
				PRODUCT_BUNDLE_IDENTIFIER = com.iOSClass.HomepwnerTests;
				PRODUCT_NAME = "$(TARGET_NAME)";
				SWIFT_VERSION = 5.0;
				TARGETED_DEVICE_FAMILY = "1,2";
				TEST_HOST = "$(BUILT_PRODUCTS_DIR)/Homepwner.app/Homepwner";
			};
			name = Release;
		};
		B807DD8723FDF79B00A709D9 /* Debug */ = {
			isa = XCBuildConfiguration;
			buildSettings = {
				ALWAYS_EMBED_SWIFT_STANDARD_LIBRARIES = YES;
				CODE_SIGN_STYLE = Automatic;
				INFOPLIST_FILE = HomepwnerUITests/Info.plist;
				LD_RUNPATH_SEARCH_PATHS = (
					"$(inherited)",
					"@executable_path/Frameworks",
					"@loader_path/Frameworks",
				);
				PRODUCT_BUNDLE_IDENTIFIER = com.iOSClass.HomepwnerUITests;
				PRODUCT_NAME = "$(TARGET_NAME)";
				SWIFT_VERSION = 5.0;
				TARGETED_DEVICE_FAMILY = "1,2";
				TEST_TARGET_NAME = Homepwner;
			};
			name = Debug;
		};
		B807DD8823FDF79B00A709D9 /* Release */ = {
			isa = XCBuildConfiguration;
			buildSettings = {
				ALWAYS_EMBED_SWIFT_STANDARD_LIBRARIES = YES;
				CODE_SIGN_STYLE = Automatic;
				INFOPLIST_FILE = HomepwnerUITests/Info.plist;
				LD_RUNPATH_SEARCH_PATHS = (
					"$(inherited)",
					"@executable_path/Frameworks",
					"@loader_path/Frameworks",
				);
				PRODUCT_BUNDLE_IDENTIFIER = com.iOSClass.HomepwnerUITests;
				PRODUCT_NAME = "$(TARGET_NAME)";
				SWIFT_VERSION = 5.0;
				TARGETED_DEVICE_FAMILY = "1,2";
				TEST_TARGET_NAME = Homepwner;
			};
			name = Release;
		};
/* End XCBuildConfiguration section */

/* Begin XCConfigurationList section */
		B807DD5123FDF79A00A709D9 /* Build configuration list for PBXProject "Homepwner" */ = {
			isa = XCConfigurationList;
			buildConfigurations = (
				B807DD7E23FDF79B00A709D9 /* Debug */,
				B807DD7F23FDF79B00A709D9 /* Release */,
			);
			defaultConfigurationIsVisible = 0;
			defaultConfigurationName = Release;
		};
		B807DD8023FDF79B00A709D9 /* Build configuration list for PBXNativeTarget "Homepwner" */ = {
			isa = XCConfigurationList;
			buildConfigurations = (
				B807DD8123FDF79B00A709D9 /* Debug */,
				B807DD8223FDF79B00A709D9 /* Release */,
			);
			defaultConfigurationIsVisible = 0;
			defaultConfigurationName = Release;
		};
		B807DD8323FDF79B00A709D9 /* Build configuration list for PBXNativeTarget "HomepwnerTests" */ = {
			isa = XCConfigurationList;
			buildConfigurations = (
				B807DD8423FDF79B00A709D9 /* Debug */,
				B807DD8523FDF79B00A709D9 /* Release */,
			);
			defaultConfigurationIsVisible = 0;
			defaultConfigurationName = Release;
		};
		B807DD8623FDF79B00A709D9 /* Build configuration list for PBXNativeTarget "HomepwnerUITests" */ = {
			isa = XCConfigurationList;
			buildConfigurations = (
				B807DD8723FDF79B00A709D9 /* Debug */,
				B807DD8823FDF79B00A709D9 /* Release */,
			);
			defaultConfigurationIsVisible = 0;
			defaultConfigurationName = Release;
		};
/* End XCConfigurationList section */
	};
	rootObject = B807DD4E23FDF79A00A709D9 /* Project object */;
}
