// !$*UTF8*$!
{
	archiveVersion = 1;
	classes = {
	};
	objectVersion = 50;
	objects = {

/* Begin PBXBuildFile section */
		B80A25A72419AA93009A2D1F /* Photorama.xcdatamodeld in Sources */ = {isa = PBXBuildFile; fileRef = B842E9E92419A90E0013A74E /* Photorama.xcdatamodeld */; };
		B80A25A82419AA94009A2D1F /* Photorama.xcdatamodeld in Sources */ = {isa = PBXBuildFile; fileRef = B842E9E92419A90E0013A74E /* Photorama.xcdatamodeld */; };
		B80A25A92419AA9C009A2D1F /* PhotoDataSource.swift in Sources */ = {isa = PBXBuildFile; fileRef = B855A4F12418C261005ACAA7 /* PhotoDataSource.swift */; };
		B80A25AA2419AA9D009A2D1F /* PhotoDataSource.swift in Sources */ = {isa = PBXBuildFile; fileRef = B855A4F12418C261005ACAA7 /* PhotoDataSource.swift */; };
		B80A25AB2419AAA9009A2D1F /* PhotoInfoViewController.swift in Sources */ = {isa = PBXBuildFile; fileRef = B855A4F72418C33A005ACAA7 /* PhotoInfoViewController.swift */; };
		B80A25AC2419AAA9009A2D1F /* PhotoInfoViewController.swift in Sources */ = {isa = PBXBuildFile; fileRef = B855A4F72418C33A005ACAA7 /* PhotoInfoViewController.swift */; };
		B80A25AD2419AAB5009A2D1F /* FlickrAPI.swift in Sources */ = {isa = PBXBuildFile; fileRef = B855A4EB2418C08C005ACAA7 /* FlickrAPI.swift */; };
		B80A25AE2419AAB6009A2D1F /* FlickrAPI.swift in Sources */ = {isa = PBXBuildFile; fileRef = B855A4EB2418C08C005ACAA7 /* FlickrAPI.swift */; };
		B80A25B02419B1B6009A2D1F /* FlipBookFlowLayout.swift in Sources */ = {isa = PBXBuildFile; fileRef = B80A25AF2419B1B6009A2D1F /* FlipBookFlowLayout.swift */; };
		B842E9EB2419A90E0013A74E /* Photorama.xcdatamodeld in Sources */ = {isa = PBXBuildFile; fileRef = B842E9E92419A90E0013A74E /* Photorama.xcdatamodeld */; };
		B855A4BC2418BF6D005ACAA7 /* AppDelegate.swift in Sources */ = {isa = PBXBuildFile; fileRef = B855A4BB2418BF6D005ACAA7 /* AppDelegate.swift */; };
		B855A4BE2418BF6D005ACAA7 /* SceneDelegate.swift in Sources */ = {isa = PBXBuildFile; fileRef = B855A4BD2418BF6D005ACAA7 /* SceneDelegate.swift */; };
		B855A4C02418BF6D005ACAA7 /* ViewController.swift in Sources */ = {isa = PBXBuildFile; fileRef = B855A4BF2418BF6D005ACAA7 /* ViewController.swift */; };
		B855A4C32418BF6D005ACAA7 /* Main.storyboard in Resources */ = {isa = PBXBuildFile; fileRef = B855A4C12418BF6D005ACAA7 /* Main.storyboard */; };
		B855A4C52418BF6E005ACAA7 /* Assets.xcassets in Resources */ = {isa = PBXBuildFile; fileRef = B855A4C42418BF6E005ACAA7 /* Assets.xcassets */; };
		B855A4C82418BF6E005ACAA7 /* LaunchScreen.storyboard in Resources */ = {isa = PBXBuildFile; fileRef = B855A4C62418BF6E005ACAA7 /* LaunchScreen.storyboard */; };
		B855A4D32418BF6E005ACAA7 /* PhotoramaTests.swift in Sources */ = {isa = PBXBuildFile; fileRef = B855A4D22418BF6E005ACAA7 /* PhotoramaTests.swift */; };
		B855A4DE2418BF6E005ACAA7 /* PhotoramaUITests.swift in Sources */ = {isa = PBXBuildFile; fileRef = B855A4DD2418BF6E005ACAA7 /* PhotoramaUITests.swift */; };
		B855A4EC2418C08C005ACAA7 /* FlickrAPI.swift in Sources */ = {isa = PBXBuildFile; fileRef = B855A4EB2418C08C005ACAA7 /* FlickrAPI.swift */; };
		B855A4EE2418C1DB005ACAA7 /* PhotoStore.swift in Sources */ = {isa = PBXBuildFile; fileRef = B855A4ED2418C1DB005ACAA7 /* PhotoStore.swift */; };
		B855A4F02418C202005ACAA7 /* ImageStore.swift in Sources */ = {isa = PBXBuildFile; fileRef = B855A4EF2418C202005ACAA7 /* ImageStore.swift */; };
		B855A4F22418C261005ACAA7 /* PhotoDataSource.swift in Sources */ = {isa = PBXBuildFile; fileRef = B855A4F12418C261005ACAA7 /* PhotoDataSource.swift */; };
		B855A4F42418C28A005ACAA7 /* PhotoCollectionViewCell.swift in Sources */ = {isa = PBXBuildFile; fileRef = B855A4F32418C28A005ACAA7 /* PhotoCollectionViewCell.swift */; };
		B855A4F62418C2F0005ACAA7 /* PhotosViewController.swift in Sources */ = {isa = PBXBuildFile; fileRef = B855A4F52418C2F0005ACAA7 /* PhotosViewController.swift */; };
		B855A4F82418C33A005ACAA7 /* PhotoInfoViewController.swift in Sources */ = {isa = PBXBuildFile; fileRef = B855A4F72418C33A005ACAA7 /* PhotoInfoViewController.swift */; };
		B855A5072418C84D005ACAA7 /* PhotoStore.swift in Sources */ = {isa = PBXBuildFile; fileRef = B855A4ED2418C1DB005ACAA7 /* PhotoStore.swift */; };
		B855A5082418C84E005ACAA7 /* PhotoStore.swift in Sources */ = {isa = PBXBuildFile; fileRef = B855A4ED2418C1DB005ACAA7 /* PhotoStore.swift */; };
/* End PBXBuildFile section */

/* Begin PBXContainerItemProxy section */
		B855A4CF2418BF6E005ACAA7 /* PBXContainerItemProxy */ = {
			isa = PBXContainerItemProxy;
			containerPortal = B855A4B02418BF6D005ACAA7 /* Project object */;
			proxyType = 1;
			remoteGlobalIDString = B855A4B72418BF6D005ACAA7;
			remoteInfo = Photorama;
		};
		B855A4DA2418BF6E005ACAA7 /* PBXContainerItemProxy */ = {
			isa = PBXContainerItemProxy;
			containerPortal = B855A4B02418BF6D005ACAA7 /* Project object */;
			proxyType = 1;
			remoteGlobalIDString = B855A4B72418BF6D005ACAA7;
			remoteInfo = Photorama;
		};
/* End PBXContainerItemProxy section */

/* Begin PBXFileReference section */
		B80A25AF2419B1B6009A2D1F /* FlipBookFlowLayout.swift */ = {isa = PBXFileReference; lastKnownFileType = sourcecode.swift; path = FlipBookFlowLayout.swift; sourceTree = "<group>"; };
		B842E9EA2419A90E0013A74E /* Photorama.xcdatamodel */ = {isa = PBXFileReference; lastKnownFileType = wrapper.xcdatamodel; path = Photorama.xcdatamodel; sourceTree = "<group>"; };
		B855A4B82418BF6D005ACAA7 /* Photorama.app */ = {isa = PBXFileReference; explicitFileType = wrapper.application; includeInIndex = 0; path = Photorama.app; sourceTree = BUILT_PRODUCTS_DIR; };
		B855A4BB2418BF6D005ACAA7 /* AppDelegate.swift */ = {isa = PBXFileReference; lastKnownFileType = sourcecode.swift; path = AppDelegate.swift; sourceTree = "<group>"; };
		B855A4BD2418BF6D005ACAA7 /* SceneDelegate.swift */ = {isa = PBXFileReference; lastKnownFileType = sourcecode.swift; path = SceneDelegate.swift; sourceTree = "<group>"; };
		B855A4BF2418BF6D005ACAA7 /* ViewController.swift */ = {isa = PBXFileReference; lastKnownFileType = sourcecode.swift; path = ViewController.swift; sourceTree = "<group>"; };
		B855A4C22418BF6D005ACAA7 /* Base */ = {isa = PBXFileReference; lastKnownFileType = file.storyboard; name = Base; path = Base.lproj/Main.storyboard; sourceTree = "<group>"; };
		B855A4C42418BF6E005ACAA7 /* Assets.xcassets */ = {isa = PBXFileReference; lastKnownFileType = folder.assetcatalog; path = Assets.xcassets; sourceTree = "<group>"; };
		B855A4C72418BF6E005ACAA7 /* Base */ = {isa = PBXFileReference; lastKnownFileType = file.storyboard; name = Base; path = Base.lproj/LaunchScreen.storyboard; sourceTree = "<group>"; };
		B855A4C92418BF6E005ACAA7 /* Info.plist */ = {isa = PBXFileReference; lastKnownFileType = text.plist.xml; path = Info.plist; sourceTree = "<group>"; };
		B855A4CE2418BF6E005ACAA7 /* PhotoramaTests.xctest */ = {isa = PBXFileReference; explicitFileType = wrapper.cfbundle; includeInIndex = 0; path = PhotoramaTests.xctest; sourceTree = BUILT_PRODUCTS_DIR; };
		B855A4D22418BF6E005ACAA7 /* PhotoramaTests.swift */ = {isa = PBXFileReference; lastKnownFileType = sourcecode.swift; path = PhotoramaTests.swift; sourceTree = "<group>"; };
		B855A4D42418BF6E005ACAA7 /* Info.plist */ = {isa = PBXFileReference; lastKnownFileType = text.plist.xml; path = Info.plist; sourceTree = "<group>"; };
		B855A4D92418BF6E005ACAA7 /* PhotoramaUITests.xctest */ = {isa = PBXFileReference; explicitFileType = wrapper.cfbundle; includeInIndex = 0; path = PhotoramaUITests.xctest; sourceTree = BUILT_PRODUCTS_DIR; };
		B855A4DD2418BF6E005ACAA7 /* PhotoramaUITests.swift */ = {isa = PBXFileReference; lastKnownFileType = sourcecode.swift; path = PhotoramaUITests.swift; sourceTree = "<group>"; };
		B855A4DF2418BF6E005ACAA7 /* Info.plist */ = {isa = PBXFileReference; lastKnownFileType = text.plist.xml; path = Info.plist; sourceTree = "<group>"; };
		B855A4EB2418C08C005ACAA7 /* FlickrAPI.swift */ = {isa = PBXFileReference; lastKnownFileType = sourcecode.swift; path = FlickrAPI.swift; sourceTree = "<group>"; };
		B855A4ED2418C1DB005ACAA7 /* PhotoStore.swift */ = {isa = PBXFileReference; lastKnownFileType = sourcecode.swift; path = PhotoStore.swift; sourceTree = "<group>"; };
		B855A4EF2418C202005ACAA7 /* ImageStore.swift */ = {isa = PBXFileReference; lastKnownFileType = sourcecode.swift; path = ImageStore.swift; sourceTree = "<group>"; };
		B855A4F12418C261005ACAA7 /* PhotoDataSource.swift */ = {isa = PBXFileReference; lastKnownFileType = sourcecode.swift; path = PhotoDataSource.swift; sourceTree = "<group>"; };
		B855A4F32418C28A005ACAA7 /* PhotoCollectionViewCell.swift */ = {isa = PBXFileReference; lastKnownFileType = sourcecode.swift; path = PhotoCollectionViewCell.swift; sourceTree = "<group>"; };
		B855A4F52418C2F0005ACAA7 /* PhotosViewController.swift */ = {isa = PBXFileReference; lastKnownFileType = sourcecode.swift; path = PhotosViewController.swift; sourceTree = "<group>"; };
		B855A4F72418C33A005ACAA7 /* PhotoInfoViewController.swift */ = {isa = PBXFileReference; lastKnownFileType = sourcecode.swift; path = PhotoInfoViewController.swift; sourceTree = "<group>"; };
/* End PBXFileReference section */

/* Begin PBXFrameworksBuildPhase section */
		B855A4B52418BF6D005ACAA7 /* Frameworks */ = {
			isa = PBXFrameworksBuildPhase;
			buildActionMask = 2147483647;
			files = (
			);
			runOnlyForDeploymentPostprocessing = 0;
		};
		B855A4CB2418BF6E005ACAA7 /* Frameworks */ = {
			isa = PBXFrameworksBuildPhase;
			buildActionMask = 2147483647;
			files = (
			);
			runOnlyForDeploymentPostprocessing = 0;
		};
		B855A4D62418BF6E005ACAA7 /* Frameworks */ = {
			isa = PBXFrameworksBuildPhase;
			buildActionMask = 2147483647;
			files = (
			);
			runOnlyForDeploymentPostprocessing = 0;
		};
/* End PBXFrameworksBuildPhase section */

/* Begin PBXGroup section */
		B855A4AF2418BF6D005ACAA7 = {
			isa = PBXGroup;
			children = (
				B855A4BA2418BF6D005ACAA7 /* Photorama */,
				B855A4D12418BF6E005ACAA7 /* PhotoramaTests */,
				B855A4DC2418BF6E005ACAA7 /* PhotoramaUITests */,
				B855A4B92418BF6D005ACAA7 /* Products */,
			);
			sourceTree = "<group>";
		};
		B855A4B92418BF6D005ACAA7 /* Products */ = {
			isa = PBXGroup;
			children = (
				B855A4B82418BF6D005ACAA7 /* Photorama.app */,
				B855A4CE2418BF6E005ACAA7 /* PhotoramaTests.xctest */,
				B855A4D92418BF6E005ACAA7 /* PhotoramaUITests.xctest */,
			);
			name = Products;
			sourceTree = "<group>";
		};
		B855A4BA2418BF6D005ACAA7 /* Photorama */ = {
			isa = PBXGroup;
			children = (
				B855A4BB2418BF6D005ACAA7 /* AppDelegate.swift */,
				B855A4BD2418BF6D005ACAA7 /* SceneDelegate.swift */,
				B855A4BF2418BF6D005ACAA7 /* ViewController.swift */,
				B842E9E92419A90E0013A74E /* Photorama.xcdatamodeld */,
				B855A4C12418BF6D005ACAA7 /* Main.storyboard */,
				B855A4C42418BF6E005ACAA7 /* Assets.xcassets */,
				B855A4C62418BF6E005ACAA7 /* LaunchScreen.storyboard */,
				B855A4C92418BF6E005ACAA7 /* Info.plist */,
				B855A4EB2418C08C005ACAA7 /* FlickrAPI.swift */,
				B855A4ED2418C1DB005ACAA7 /* PhotoStore.swift */,
				B855A4EF2418C202005ACAA7 /* ImageStore.swift */,
				B855A4F12418C261005ACAA7 /* PhotoDataSource.swift */,
				B855A4F32418C28A005ACAA7 /* PhotoCollectionViewCell.swift */,
				B855A4F52418C2F0005ACAA7 /* PhotosViewController.swift */,
				B855A4F72418C33A005ACAA7 /* PhotoInfoViewController.swift */,
				B80A25AF2419B1B6009A2D1F /* FlipBookFlowLayout.swift */,
			);
			path = Photorama;
			sourceTree = "<group>";
		};
		B855A4D12418BF6E005ACAA7 /* PhotoramaTests */ = {
			isa = PBXGroup;
			children = (
				B855A4D22418BF6E005ACAA7 /* PhotoramaTests.swift */,
				B855A4D42418BF6E005ACAA7 /* Info.plist */,
			);
			path = PhotoramaTests;
			sourceTree = "<group>";
		};
		B855A4DC2418BF6E005ACAA7 /* PhotoramaUITests */ = {
			isa = PBXGroup;
			children = (
				B855A4DD2418BF6E005ACAA7 /* PhotoramaUITests.swift */,
				B855A4DF2418BF6E005ACAA7 /* Info.plist */,
			);
			path = PhotoramaUITests;
			sourceTree = "<group>";
		};
/* End PBXGroup section */

/* Begin PBXNativeTarget section */
		B855A4B72418BF6D005ACAA7 /* Photorama */ = {
			isa = PBXNativeTarget;
			buildConfigurationList = B855A4E22418BF6E005ACAA7 /* Build configuration list for PBXNativeTarget "Photorama" */;
			buildPhases = (
				B855A4B42418BF6D005ACAA7 /* Sources */,
				B855A4B52418BF6D005ACAA7 /* Frameworks */,
				B855A4B62418BF6D005ACAA7 /* Resources */,
			);
			buildRules = (
			);
			dependencies = (
			);
			name = Photorama;
			productName = Photorama;
			productReference = B855A4B82418BF6D005ACAA7 /* Photorama.app */;
			productType = "com.apple.product-type.application";
		};
		B855A4CD2418BF6E005ACAA7 /* PhotoramaTests */ = {
			isa = PBXNativeTarget;
			buildConfigurationList = B855A4E52418BF6E005ACAA7 /* Build configuration list for PBXNativeTarget "PhotoramaTests" */;
			buildPhases = (
				B855A4CA2418BF6E005ACAA7 /* Sources */,
				B855A4CB2418BF6E005ACAA7 /* Frameworks */,
				B855A4CC2418BF6E005ACAA7 /* Resources */,
			);
			buildRules = (
			);
			dependencies = (
				B855A4D02418BF6E005ACAA7 /* PBXTargetDependency */,
			);
			name = PhotoramaTests;
			productName = PhotoramaTests;
			productReference = B855A4CE2418BF6E005ACAA7 /* PhotoramaTests.xctest */;
			productType = "com.apple.product-type.bundle.unit-test";
		};
		B855A4D82418BF6E005ACAA7 /* PhotoramaUITests */ = {
			isa = PBXNativeTarget;
			buildConfigurationList = B855A4E82418BF6E005ACAA7 /* Build configuration list for PBXNativeTarget "PhotoramaUITests" */;
			buildPhases = (
				B855A4D52418BF6E005ACAA7 /* Sources */,
				B855A4D62418BF6E005ACAA7 /* Frameworks */,
				B855A4D72418BF6E005ACAA7 /* Resources */,
			);
			buildRules = (
			);
			dependencies = (
				B855A4DB2418BF6E005ACAA7 /* PBXTargetDependency */,
			);
			name = PhotoramaUITests;
			productName = PhotoramaUITests;
			productReference = B855A4D92418BF6E005ACAA7 /* PhotoramaUITests.xctest */;
			productType = "com.apple.product-type.bundle.ui-testing";
		};
/* End PBXNativeTarget section */

/* Begin PBXProject section */
		B855A4B02418BF6D005ACAA7 /* Project object */ = {
			isa = PBXProject;
			attributes = {
				LastSwiftUpdateCheck = 1130;
				LastUpgradeCheck = 1130;
				ORGANIZATIONNAME = "Riley, Kyle M";
				TargetAttributes = {
					B855A4B72418BF6D005ACAA7 = {
						CreatedOnToolsVersion = 11.3;
					};
					B855A4CD2418BF6E005ACAA7 = {
						CreatedOnToolsVersion = 11.3;
						TestTargetID = B855A4B72418BF6D005ACAA7;
					};
					B855A4D82418BF6E005ACAA7 = {
						CreatedOnToolsVersion = 11.3;
						TestTargetID = B855A4B72418BF6D005ACAA7;
					};
				};
			};
			buildConfigurationList = B855A4B32418BF6D005ACAA7 /* Build configuration list for PBXProject "Photorama" */;
			compatibilityVersion = "Xcode 9.3";
			developmentRegion = en;
			hasScannedForEncodings = 0;
			knownRegions = (
				en,
				Base,
			);
			mainGroup = B855A4AF2418BF6D005ACAA7;
			productRefGroup = B855A4B92418BF6D005ACAA7 /* Products */;
			projectDirPath = "";
			projectRoot = "";
			targets = (
				B855A4B72418BF6D005ACAA7 /* Photorama */,
				B855A4CD2418BF6E005ACAA7 /* PhotoramaTests */,
				B855A4D82418BF6E005ACAA7 /* PhotoramaUITests */,
			);
		};
/* End PBXProject section */

/* Begin PBXResourcesBuildPhase section */
		B855A4B62418BF6D005ACAA7 /* Resources */ = {
			isa = PBXResourcesBuildPhase;
			buildActionMask = 2147483647;
			files = (
				B855A4C82418BF6E005ACAA7 /* LaunchScreen.storyboard in Resources */,
				B855A4C52418BF6E005ACAA7 /* Assets.xcassets in Resources */,
				B855A4C32418BF6D005ACAA7 /* Main.storyboard in Resources */,
			);
			runOnlyForDeploymentPostprocessing = 0;
		};
		B855A4CC2418BF6E005ACAA7 /* Resources */ = {
			isa = PBXResourcesBuildPhase;
			buildActionMask = 2147483647;
			files = (
			);
			runOnlyForDeploymentPostprocessing = 0;
		};
		B855A4D72418BF6E005ACAA7 /* Resources */ = {
			isa = PBXResourcesBuildPhase;
			buildActionMask = 2147483647;
			files = (
			);
			runOnlyForDeploymentPostprocessing = 0;
		};
/* End PBXResourcesBuildPhase section */

/* Begin PBXSourcesBuildPhase section */
		B855A4B42418BF6D005ACAA7 /* Sources */ = {
			isa = PBXSourcesBuildPhase;
			buildActionMask = 2147483647;
			files = (
				B855A4F62418C2F0005ACAA7 /* PhotosViewController.swift in Sources */,
				B855A4F82418C33A005ACAA7 /* PhotoInfoViewController.swift in Sources */,
				B855A4EE2418C1DB005ACAA7 /* PhotoStore.swift in Sources */,
				B855A4F42418C28A005ACAA7 /* PhotoCollectionViewCell.swift in Sources */,
				B842E9EB2419A90E0013A74E /* Photorama.xcdatamodeld in Sources */,
				B855A4F22418C261005ACAA7 /* PhotoDataSource.swift in Sources */,
				B855A4C02418BF6D005ACAA7 /* ViewController.swift in Sources */,
				B80A25B02419B1B6009A2D1F /* FlipBookFlowLayout.swift in Sources */,
				B855A4BC2418BF6D005ACAA7 /* AppDelegate.swift in Sources */,
				B855A4BE2418BF6D005ACAA7 /* SceneDelegate.swift in Sources */,
				B855A4EC2418C08C005ACAA7 /* FlickrAPI.swift in Sources */,
				B855A4F02418C202005ACAA7 /* ImageStore.swift in Sources */,
			);
			runOnlyForDeploymentPostprocessing = 0;
		};
		B855A4CA2418BF6E005ACAA7 /* Sources */ = {
			isa = PBXSourcesBuildPhase;
			buildActionMask = 2147483647;
			files = (
				B855A4D32418BF6E005ACAA7 /* PhotoramaTests.swift in Sources */,
				B80A25AB2419AAA9009A2D1F /* PhotoInfoViewController.swift in Sources */,
				B80A25A92419AA9C009A2D1F /* PhotoDataSource.swift in Sources */,
				B80A25AD2419AAB5009A2D1F /* FlickrAPI.swift in Sources */,
				B855A5072418C84D005ACAA7 /* PhotoStore.swift in Sources */,
				B80A25A72419AA93009A2D1F /* Photorama.xcdatamodeld in Sources */,
			);
			runOnlyForDeploymentPostprocessing = 0;
		};
		B855A4D52418BF6E005ACAA7 /* Sources */ = {
			isa = PBXSourcesBuildPhase;
			buildActionMask = 2147483647;
			files = (
				B855A4DE2418BF6E005ACAA7 /* PhotoramaUITests.swift in Sources */,
				B80A25AC2419AAA9009A2D1F /* PhotoInfoViewController.swift in Sources */,
				B80A25AA2419AA9D009A2D1F /* PhotoDataSource.swift in Sources */,
				B80A25AE2419AAB6009A2D1F /* FlickrAPI.swift in Sources */,
				B855A5082418C84E005ACAA7 /* PhotoStore.swift in Sources */,
				B80A25A82419AA94009A2D1F /* Photorama.xcdatamodeld in Sources */,
			);
			runOnlyForDeploymentPostprocessing = 0;
		};
/* End PBXSourcesBuildPhase section */

/* Begin PBXTargetDependency section */
		B855A4D02418BF6E005ACAA7 /* PBXTargetDependency */ = {
			isa = PBXTargetDependency;
			target = B855A4B72418BF6D005ACAA7 /* Photorama */;
			targetProxy = B855A4CF2418BF6E005ACAA7 /* PBXContainerItemProxy */;
		};
		B855A4DB2418BF6E005ACAA7 /* PBXTargetDependency */ = {
			isa = PBXTargetDependency;
			target = B855A4B72418BF6D005ACAA7 /* Photorama */;
			targetProxy = B855A4DA2418BF6E005ACAA7 /* PBXContainerItemProxy */;
		};
/* End PBXTargetDependency section */

/* Begin PBXVariantGroup section */
		B855A4C12418BF6D005ACAA7 /* Main.storyboard */ = {
			isa = PBXVariantGroup;
			children = (
				B855A4C22418BF6D005ACAA7 /* Base */,
			);
			name = Main.storyboard;
			sourceTree = "<group>";
		};
		B855A4C62418BF6E005ACAA7 /* LaunchScreen.storyboard */ = {
			isa = PBXVariantGroup;
			children = (
				B855A4C72418BF6E005ACAA7 /* Base */,
			);
			name = LaunchScreen.storyboard;
			sourceTree = "<group>";
		};
/* End PBXVariantGroup section */

/* Begin XCBuildConfiguration section */
		B855A4E02418BF6E005ACAA7 /* Debug */ = {
			isa = XCBuildConfiguration;
			buildSettings = {
				ALWAYS_SEARCH_USER_PATHS = NO;
				CLANG_ANALYZER_NONNULL = YES;
				CLANG_ANALYZER_NUMBER_OBJECT_CONVERSION = YES_AGGRESSIVE;
				CLANG_CXX_LANGUAGE_STANDARD = "gnu++14";
				CLANG_CXX_LIBRARY = "libc++";
				CLANG_ENABLE_MODULES = YES;
				CLANG_ENABLE_OBJC_ARC = YES;
				CLANG_ENABLE_OBJC_WEAK = YES;
				CLANG_WARN_BLOCK_CAPTURE_AUTORELEASING = YES;
				CLANG_WARN_BOOL_CONVERSION = YES;
				CLANG_WARN_COMMA = YES;
				CLANG_WARN_CONSTANT_CONVERSION = YES;
				CLANG_WARN_DEPRECATED_OBJC_IMPLEMENTATIONS = YES;
				CLANG_WARN_DIRECT_OBJC_ISA_USAGE = YES_ERROR;
				CLANG_WARN_DOCUMENTATION_COMMENTS = YES;
				CLANG_WARN_EMPTY_BODY = YES;
				CLANG_WARN_ENUM_CONVERSION = YES;
				CLANG_WARN_INFINITE_RECURSION = YES;
				CLANG_WARN_INT_CONVERSION = YES;
				CLANG_WARN_NON_LITERAL_NULL_CONVERSION = YES;
				CLANG_WARN_OBJC_IMPLICIT_RETAIN_SELF = YES;
				CLANG_WARN_OBJC_LITERAL_CONVERSION = YES;
				CLANG_WARN_OBJC_ROOT_CLASS = YES_ERROR;
				CLANG_WARN_RANGE_LOOP_ANALYSIS = YES;
				CLANG_WARN_STRICT_PROTOTYPES = YES;
				CLANG_WARN_SUSPICIOUS_MOVE = YES;
				CLANG_WARN_UNGUARDED_AVAILABILITY = YES_AGGRESSIVE;
				CLANG_WARN_UNREACHABLE_CODE = YES;
				CLANG_WARN__DUPLICATE_METHOD_MATCH = YES;
				COPY_PHASE_STRIP = NO;
				DEBUG_INFORMATION_FORMAT = dwarf;
				ENABLE_STRICT_OBJC_MSGSEND = YES;
				ENABLE_TESTABILITY = YES;
				GCC_C_LANGUAGE_STANDARD = gnu11;
				GCC_DYNAMIC_NO_PIC = NO;
				GCC_NO_COMMON_BLOCKS = YES;
				GCC_OPTIMIZATION_LEVEL = 0;
				GCC_PREPROCESSOR_DEFINITIONS = (
					"DEBUG=1",
					"$(inherited)",
				);
				GCC_WARN_64_TO_32_BIT_CONVERSION = YES;
				GCC_WARN_ABOUT_RETURN_TYPE = YES_ERROR;
				GCC_WARN_UNDECLARED_SELECTOR = YES;
				GCC_WARN_UNINITIALIZED_AUTOS = YES_AGGRESSIVE;
				GCC_WARN_UNUSED_FUNCTION = YES;
				GCC_WARN_UNUSED_VARIABLE = YES;
				IPHONEOS_DEPLOYMENT_TARGET = 13.2;
				MTL_ENABLE_DEBUG_INFO = INCLUDE_SOURCE;
				MTL_FAST_MATH = YES;
				ONLY_ACTIVE_ARCH = YES;
				SDKROOT = iphoneos;
				SWIFT_ACTIVE_COMPILATION_CONDITIONS = DEBUG;
				SWIFT_OPTIMIZATION_LEVEL = "-Onone";
			};
			name = Debug;
		};
		B855A4E12418BF6E005ACAA7 /* Release */ = {
			isa = XCBuildConfiguration;
			buildSettings = {
				ALWAYS_SEARCH_USER_PATHS = NO;
				CLANG_ANALYZER_NONNULL = YES;
				CLANG_ANALYZER_NUMBER_OBJECT_CONVERSION = YES_AGGRESSIVE;
				CLANG_CXX_LANGUAGE_STANDARD = "gnu++14";
				CLANG_CXX_LIBRARY = "libc++";
				CLANG_ENABLE_MODULES = YES;
				CLANG_ENABLE_OBJC_ARC = YES;
				CLANG_ENABLE_OBJC_WEAK = YES;
				CLANG_WARN_BLOCK_CAPTURE_AUTORELEASING = YES;
				CLANG_WARN_BOOL_CONVERSION = YES;
				CLANG_WARN_COMMA = YES;
				CLANG_WARN_CONSTANT_CONVERSION = YES;
				CLANG_WARN_DEPRECATED_OBJC_IMPLEMENTATIONS = YES;
				CLANG_WARN_DIRECT_OBJC_ISA_USAGE = YES_ERROR;
				CLANG_WARN_DOCUMENTATION_COMMENTS = YES;
				CLANG_WARN_EMPTY_BODY = YES;
				CLANG_WARN_ENUM_CONVERSION = YES;
				CLANG_WARN_INFINITE_RECURSION = YES;
				CLANG_WARN_INT_CONVERSION = YES;
				CLANG_WARN_NON_LITERAL_NULL_CONVERSION = YES;
				CLANG_WARN_OBJC_IMPLICIT_RETAIN_SELF = YES;
				CLANG_WARN_OBJC_LITERAL_CONVERSION = YES;
				CLANG_WARN_OBJC_ROOT_CLASS = YES_ERROR;
				CLANG_WARN_RANGE_LOOP_ANALYSIS = YES;
				CLANG_WARN_STRICT_PROTOTYPES = YES;
				CLANG_WARN_SUSPICIOUS_MOVE = YES;
				CLANG_WARN_UNGUARDED_AVAILABILITY = YES_AGGRESSIVE;
				CLANG_WARN_UNREACHABLE_CODE = YES;
				CLANG_WARN__DUPLICATE_METHOD_MATCH = YES;
				COPY_PHASE_STRIP = NO;
				DEBUG_INFORMATION_FORMAT = "dwarf-with-dsym";
				ENABLE_NS_ASSERTIONS = NO;
				ENABLE_STRICT_OBJC_MSGSEND = YES;
				GCC_C_LANGUAGE_STANDARD = gnu11;
				GCC_NO_COMMON_BLOCKS = YES;
				GCC_WARN_64_TO_32_BIT_CONVERSION = YES;
				GCC_WARN_ABOUT_RETURN_TYPE = YES_ERROR;
				GCC_WARN_UNDECLARED_SELECTOR = YES;
				GCC_WARN_UNINITIALIZED_AUTOS = YES_AGGRESSIVE;
				GCC_WARN_UNUSED_FUNCTION = YES;
				GCC_WARN_UNUSED_VARIABLE = YES;
				IPHONEOS_DEPLOYMENT_TARGET = 13.2;
				MTL_ENABLE_DEBUG_INFO = NO;
				MTL_FAST_MATH = YES;
				SDKROOT = iphoneos;
				SWIFT_COMPILATION_MODE = wholemodule;
				SWIFT_OPTIMIZATION_LEVEL = "-O";
				VALIDATE_PRODUCT = YES;
			};
			name = Release;
		};
		B855A4E32418BF6E005ACAA7 /* Debug */ = {
			isa = XCBuildConfiguration;
			buildSettings = {
				ASSETCATALOG_COMPILER_APPICON_NAME = AppIcon;
				CODE_SIGN_STYLE = Automatic;
				DEVELOPMENT_TEAM = MQFG26R2FN;
				INFOPLIST_FILE = Photorama/Info.plist;
				LD_RUNPATH_SEARCH_PATHS = (
					"$(inherited)",
					"@executable_path/Frameworks",
				);
				PRODUCT_BUNDLE_IDENTIFIER = "iOS-Class.Photorama";
				PRODUCT_NAME = "$(TARGET_NAME)";
				SWIFT_VERSION = 5.0;
				TARGETED_DEVICE_FAMILY = "1,2";
			};
			name = Debug;
		};
		B855A4E42418BF6E005ACAA7 /* Release */ = {
			isa = XCBuildConfiguration;
			buildSettings = {
				ASSETCATALOG_COMPILER_APPICON_NAME = AppIcon;
				CODE_SIGN_STYLE = Automatic;
				DEVELOPMENT_TEAM = MQFG26R2FN;
				INFOPLIST_FILE = Photorama/Info.plist;
				LD_RUNPATH_SEARCH_PATHS = (
					"$(inherited)",
					"@executable_path/Frameworks",
				);
				PRODUCT_BUNDLE_IDENTIFIER = "iOS-Class.Photorama";
				PRODUCT_NAME = "$(TARGET_NAME)";
				SWIFT_VERSION = 5.0;
				TARGETED_DEVICE_FAMILY = "1,2";
			};
			name = Release;
		};
		B855A4E62418BF6E005ACAA7 /* Debug */ = {
			isa = XCBuildConfiguration;
			buildSettings = {
				ALWAYS_EMBED_SWIFT_STANDARD_LIBRARIES = YES;
				BUNDLE_LOADER = "$(TEST_HOST)";
				CODE_SIGN_STYLE = Automatic;
				DEVELOPMENT_TEAM = MQFG26R2FN;
				INFOPLIST_FILE = PhotoramaTests/Info.plist;
				IPHONEOS_DEPLOYMENT_TARGET = 13.2;
				LD_RUNPATH_SEARCH_PATHS = (
					"$(inherited)",
					"@executable_path/Frameworks",
					"@loader_path/Frameworks",
				);
				PRODUCT_BUNDLE_IDENTIFIER = "iOS-Class.PhotoramaTests";
				PRODUCT_NAME = "$(TARGET_NAME)";
				SWIFT_VERSION = 5.0;
				TARGETED_DEVICE_FAMILY = "1,2";
				TEST_HOST = "$(BUILT_PRODUCTS_DIR)/Photorama.app/Photorama";
			};
			name = Debug;
		};
		B855A4E72418BF6E005ACAA7 /* Release */ = {
			isa = XCBuildConfiguration;
			buildSettings = {
				ALWAYS_EMBED_SWIFT_STANDARD_LIBRARIES = YES;
				BUNDLE_LOADER = "$(TEST_HOST)";
				CODE_SIGN_STYLE = Automatic;
				DEVELOPMENT_TEAM = MQFG26R2FN;
				INFOPLIST_FILE = PhotoramaTests/Info.plist;
				IPHONEOS_DEPLOYMENT_TARGET = 13.2;
				LD_RUNPATH_SEARCH_PATHS = (
					"$(inherited)",
					"@executable_path/Frameworks",
					"@loader_path/Frameworks",
				);
				PRODUCT_BUNDLE_IDENTIFIER = "iOS-Class.PhotoramaTests";
				PRODUCT_NAME = "$(TARGET_NAME)";
				SWIFT_VERSION = 5.0;
				TARGETED_DEVICE_FAMILY = "1,2";
				TEST_HOST = "$(BUILT_PRODUCTS_DIR)/Photorama.app/Photorama";
			};
			name = Release;
		};
		B855A4E92418BF6E005ACAA7 /* Debug */ = {
			isa = XCBuildConfiguration;
			buildSettings = {
				ALWAYS_EMBED_SWIFT_STANDARD_LIBRARIES = YES;
				CODE_SIGN_STYLE = Automatic;
				DEVELOPMENT_TEAM = MQFG26R2FN;
				INFOPLIST_FILE = PhotoramaUITests/Info.plist;
				LD_RUNPATH_SEARCH_PATHS = (
					"$(inherited)",
					"@executable_path/Frameworks",
					"@loader_path/Frameworks",
				);
				PRODUCT_BUNDLE_IDENTIFIER = "iOS-Class.PhotoramaUITests";
				PRODUCT_NAME = "$(TARGET_NAME)";
				SWIFT_VERSION = 5.0;
				TARGETED_DEVICE_FAMILY = "1,2";
				TEST_TARGET_NAME = Photorama;
			};
			name = Debug;
		};
		B855A4EA2418BF6E005ACAA7 /* Release */ = {
			isa = XCBuildConfiguration;
			buildSettings = {
				ALWAYS_EMBED_SWIFT_STANDARD_LIBRARIES = YES;
				CODE_SIGN_STYLE = Automatic;
				DEVELOPMENT_TEAM = MQFG26R2FN;
				INFOPLIST_FILE = PhotoramaUITests/Info.plist;
				LD_RUNPATH_SEARCH_PATHS = (
					"$(inherited)",
					"@executable_path/Frameworks",
					"@loader_path/Frameworks",
				);
				PRODUCT_BUNDLE_IDENTIFIER = "iOS-Class.PhotoramaUITests";
				PRODUCT_NAME = "$(TARGET_NAME)";
				SWIFT_VERSION = 5.0;
				TARGETED_DEVICE_FAMILY = "1,2";
				TEST_TARGET_NAME = Photorama;
			};
			name = Release;
		};
/* End XCBuildConfiguration section */

/* Begin XCConfigurationList section */
		B855A4B32418BF6D005ACAA7 /* Build configuration list for PBXProject "Photorama" */ = {
			isa = XCConfigurationList;
			buildConfigurations = (
				B855A4E02418BF6E005ACAA7 /* Debug */,
				B855A4E12418BF6E005ACAA7 /* Release */,
			);
			defaultConfigurationIsVisible = 0;
			defaultConfigurationName = Release;
		};
		B855A4E22418BF6E005ACAA7 /* Build configuration list for PBXNativeTarget "Photorama" */ = {
			isa = XCConfigurationList;
			buildConfigurations = (
				B855A4E32418BF6E005ACAA7 /* Debug */,
				B855A4E42418BF6E005ACAA7 /* Release */,
			);
			defaultConfigurationIsVisible = 0;
			defaultConfigurationName = Release;
		};
		B855A4E52418BF6E005ACAA7 /* Build configuration list for PBXNativeTarget "PhotoramaTests" */ = {
			isa = XCConfigurationList;
			buildConfigurations = (
				B855A4E62418BF6E005ACAA7 /* Debug */,
				B855A4E72418BF6E005ACAA7 /* Release */,
			);
			defaultConfigurationIsVisible = 0;
			defaultConfigurationName = Release;
		};
		B855A4E82418BF6E005ACAA7 /* Build configuration list for PBXNativeTarget "PhotoramaUITests" */ = {
			isa = XCConfigurationList;
			buildConfigurations = (
				B855A4E92418BF6E005ACAA7 /* Debug */,
				B855A4EA2418BF6E005ACAA7 /* Release */,
			);
			defaultConfigurationIsVisible = 0;
			defaultConfigurationName = Release;
		};
/* End XCConfigurationList section */

/* Begin XCVersionGroup section */
		B842E9E92419A90E0013A74E /* Photorama.xcdatamodeld */ = {
			isa = XCVersionGroup;
			children = (
				B842E9EA2419A90E0013A74E /* Photorama.xcdatamodel */,
			);
			currentVersion = B842E9EA2419A90E0013A74E /* Photorama.xcdatamodel */;
			path = Photorama.xcdatamodeld;
			sourceTree = "<group>";
			versionGroupType = wrapper.xcdatamodel;
		};
/* End XCVersionGroup section */
	};
	rootObject = B855A4B02418BF6D005ACAA7 /* Project object */;
}
